
Microsoft Visual Studio Solution File, Format Version 12.00
# Visual Studio 15
VisualStudioVersion = 15.0.26124.0
MinimumVisualStudioVersion = 15.0.26124.0
Project("{FAE04EC0-301F-11D3-BF4B-00C04F79EFBC}") = "Cotacoes.Model", "Cotacoes.Model\Cotacoes.Model.csproj", "{2B666875-A660-4847-A834-664C32848FC3}"
EndProject
Project("{FAE04EC0-301F-11D3-BF4B-00C04F79EFBC}") = "Cotacoes.API", "Cotacoes.API\Cotacoes.API.csproj", "{9BC84C2C-DF78-4764-8B91-0FE2ED9562E4}"
EndProject
Project("{FAE04EC0-301F-11D3-BF4B-00C04F79EFBC}") = "Cotacoes.MVC", "Cotacoes.MVC\Cotacoes.MVC.csproj", "{059DD6F2-952A-4334-8468-6A65A41CE04E}"
EndProject
Global
	GlobalSection(SolutionProperties) = preSolution
		HideSolutionNode = FALSE
	EndGlobalSection
	GlobalSection(SolutionConfigurationPlatforms) = preSolution
		Debug|Any CPU = Debug|Any CPU
		Debug|x64 = Debug|x64
		Debug|x86 = Debug|x86
		Release|Any CPU = Release|Any CPU
		Release|x64 = Release|x64
		Release|x86 = Release|x86
	EndGlobalSection
	GlobalSection(ProjectConfigurationPlatforms) = postSolution
		{2B666875-A660-4847-A834-664C32848FC3}.Debug|Any CPU.ActiveCfg = Debug|Any CPU
		{2B666875-A660-4847-A834-664C32848FC3}.Debug|Any CPU.Build.0 = Debug|Any CPU
		{2B666875-A660-4847-A834-664C32848FC3}.Debug|x64.ActiveCfg = Debug|x64
		{2B666875-A660-4847-A834-664C32848FC3}.Debug|x64.Build.0 = Debug|x64
		{2B666875-A660-4847-A834-664C32848FC3}.Debug|x86.ActiveCfg = Debug|x86
		{2B666875-A660-4847-A834-664C32848FC3}.Debug|x86.Build.0 = Debug|x86
		{2B666875-A660-4847-A834-664C32848FC3}.Release|Any CPU.ActiveCfg = Release|Any CPU
		{2B666875-A660-4847-A834-664C32848FC3}.Release|Any CPU.Build.0 = Release|Any CPU
		{2B666875-A660-4847-A834-664C32848FC3}.Release|x64.ActiveCfg = Release|x64
		{2B666875-A660-4847-A834-664C32848FC3}.Release|x64.Build.0 = Release|x64
		{2B666875-A660-4847-A834-664C32848FC3}.Release|x86.ActiveCfg = Release|x86
		{2B666875-A660-4847-A834-664C32848FC3}.Release|x86.Build.0 = Release|x86
		{9BC84C2C-DF78-4764-8B91-0FE2ED9562E4}.Debug|Any CPU.ActiveCfg = Debug|Any CPU
		{9BC84C2C-DF78-4764-8B91-0FE2ED9562E4}.Debug|Any CPU.Build.0 = Debug|Any CPU
		{9BC84C2C-DF78-4764-8B91-0FE2ED9562E4}.Debug|x64.ActiveCfg = Debug|x64
		{9BC84C2C-DF78-4764-8B91-0FE2ED9562E4}.Debug|x64.Build.0 = Debug|x64
		{9BC84C2C-DF78-4764-8B91-0FE2ED9562E4}.Debug|x86.ActiveCfg = Debug|x86
		{9BC84C2C-DF78-4764-8B91-0FE2ED9562E4}.Debug|x86.Build.0 = Debug|x86
		{9BC84C2C-DF78-4764-8B91-0FE2ED9562E4}.Release|Any CPU.ActiveCfg = Release|Any CPU
		{9BC84C2C-DF78-4764-8B91-0FE2ED9562E4}.Release|Any CPU.Build.0 = Release|Any CPU
		{9BC84C2C-DF78-4764-8B91-0FE2ED9562E4}.Release|x64.ActiveCfg = Release|x64
		{9BC84C2C-DF78-4764-8B91-0FE2ED9562E4}.Release|x64.Build.0 = Release|x64
		{9BC84C2C-DF78-4764-8B91-0FE2ED9562E4}.Release|x86.ActiveCfg = Release|x86
		{9BC84C2C-DF78-4764-8B91-0FE2ED9562E4}.Release|x86.Build.0 = Release|x86
		{059DD6F2-952A-4334-8468-6A65A41CE04E}.Debug|Any CPU.ActiveCfg = Debug|Any CPU
		{059DD6F2-952A-4334-8468-6A65A41CE04E}.Debug|Any CPU.Build.0 = Debug|Any CPU
		{059DD6F2-952A-4334-8468-6A65A41CE04E}.Debug|x64.ActiveCfg = Debug|x64
		{059DD6F2-952A-4334-8468-6A65A41CE04E}.Debug|x64.Build.0 = Debug|x64
		{059DD6F2-952A-4334-8468-6A65A41CE04E}.Debug|x86.ActiveCfg = Debug|x86
		{059DD6F2-952A-4334-8468-6A65A41CE04E}.Debug|x86.Build.0 = Debug|x86
		{059DD6F2-952A-4334-8468-6A65A41CE04E}.Release|Any CPU.ActiveCfg = Release|Any CPU
		{059DD6F2-952A-4334-8468-6A65A41CE04E}.Release|Any CPU.Build.0 = Release|Any CPU
		{059DD6F2-952A-4334-8468-6A65A41CE04E}.Release|x64.ActiveCfg = Release|x64
		{059DD6F2-952A-4334-8468-6A65A41CE04E}.Release|x64.Build.0 = Release|x64
		{059DD6F2-952A-4334-8468-6A65A41CE04E}.Release|x86.ActiveCfg = Release|x86
		{059DD6F2-952A-4334-8468-6A65A41CE04E}.Release|x86.Build.0 = Release|x86
	EndGlobalSection
EndGlobal
